
Microsoft Visual Studio Solution File, Format Version 12.00
# Visual Studio 15
VisualStudioVersion = 15.0.27428.2037
MinimumVisualStudioVersion = 10.0.40219.1
Project("{9A19103F-16F7-4668-BE54-9A1E7A4F7556}") = "TeacherPortal", "TeacherPortal\TeacherPortal.csproj", "{6EADAAC9-5B58-4BF9-A1FA-5D013AF8F678}"
EndProject
Project("{9A19103F-16F7-4668-BE54-9A1E7A4F7556}") = "SendMessageToQueue", "SendMessageToQueue\SendMessageToQueue.csproj", "{8AC4872E-B43C-4357-9AAC-EED6E0E15915}"
EndProject
Project("{9A19103F-16F7-4668-BE54-9A1E7A4F7556}") = "Models", "Models\Models.csproj", "{08A000E9-22D0-4827-AD1B-48C537FBAA20}"
EndProject
Project("{9092AA53-FB77-4645-B42D-1CCCA6BD08BD}") = "ChatApp", "ChatApp\ChatApp.njsproj", "{DF41E592-C6C6-4CD8-BBF4-B02F28B204C3}"
EndProject
Project("{9A19103F-16F7-4668-BE54-9A1E7A4F7556}") = "MessageProcessingFunction", "MessageProcessingFunction\MessageProcessingFunction.csproj", "{058684A1-0E41-46EF-A0BA-27DF5B7B23CA}"
EndProject
Global
	GlobalSection(SolutionConfigurationPlatforms) = preSolution
		Debug|Any CPU = Debug|Any CPU
		Release|Any CPU = Release|Any CPU
	EndGlobalSection
	GlobalSection(ProjectConfigurationPlatforms) = postSolution
		{6EADAAC9-5B58-4BF9-A1FA-5D013AF8F678}.Debug|Any CPU.ActiveCfg = Debug|Any CPU
		{6EADAAC9-5B58-4BF9-A1FA-5D013AF8F678}.Debug|Any CPU.Build.0 = Debug|Any CPU
		{6EADAAC9-5B58-4BF9-A1FA-5D013AF8F678}.Release|Any CPU.ActiveCfg = Release|Any CPU
		{6EADAAC9-5B58-4BF9-A1FA-5D013AF8F678}.Release|Any CPU.Build.0 = Release|Any CPU
		{8AC4872E-B43C-4357-9AAC-EED6E0E15915}.Debug|Any CPU.ActiveCfg = Debug|Any CPU
		{8AC4872E-B43C-4357-9AAC-EED6E0E15915}.Debug|Any CPU.Build.0 = Debug|Any CPU
		{8AC4872E-B43C-4357-9AAC-EED6E0E15915}.Release|Any CPU.ActiveCfg = Release|Any CPU
		{8AC4872E-B43C-4357-9AAC-EED6E0E15915}.Release|Any CPU.Build.0 = Release|Any CPU
		{08A000E9-22D0-4827-AD1B-48C537FBAA20}.Debug|Any CPU.ActiveCfg = Debug|Any CPU
		{08A000E9-22D0-4827-AD1B-48C537FBAA20}.Debug|Any CPU.Build.0 = Debug|Any CPU
		{08A000E9-22D0-4827-AD1B-48C537FBAA20}.Release|Any CPU.ActiveCfg = Release|Any CPU
		{08A000E9-22D0-4827-AD1B-48C537FBAA20}.Release|Any CPU.Build.0 = Release|Any CPU
		{DF41E592-C6C6-4CD8-BBF4-B02F28B204C3}.Debug|Any CPU.ActiveCfg = Debug|Any CPU
		{DF41E592-C6C6-4CD8-BBF4-B02F28B204C3}.Debug|Any CPU.Build.0 = Debug|Any CPU
		{DF41E592-C6C6-4CD8-BBF4-B02F28B204C3}.Release|Any CPU.ActiveCfg = Release|Any CPU
		{DF41E592-C6C6-4CD8-BBF4-B02F28B204C3}.Release|Any CPU.Build.0 = Release|Any CPU
		{058684A1-0E41-46EF-A0BA-27DF5B7B23CA}.Debug|Any CPU.ActiveCfg = Debug|Any CPU
		{058684A1-0E41-46EF-A0BA-27DF5B7B23CA}.Debug|Any CPU.Build.0 = Debug|Any CPU
		{058684A1-0E41-46EF-A0BA-27DF5B7B23CA}.Release|Any CPU.ActiveCfg = Release|Any CPU
		{058684A1-0E41-46EF-A0BA-27DF5B7B23CA}.Release|Any CPU.Build.0 = Release|Any CPU
	EndGlobalSection
	GlobalSection(SolutionProperties) = preSolution
		HideSolutionNode = FALSE
	EndGlobalSection
	GlobalSection(ExtensibilityGlobals) = postSolution
		SolutionGuid = {B0EA2703-7DEB-425F-AE51-AF57BAFF16EC}
	EndGlobalSection
EndGlobal
